
Microsoft Visual Studio Solution File, Format Version 12.00
# Visual Studio Version 17
VisualStudioVersion = 17.13.35818.85 d17.13
MinimumVisualStudioVersion = 10.0.40219.1
Project("{FAE04EC0-301F-11D3-BF4B-00C04F79EFBC}") = "HW_Praktikum10.5.1", "HW_Praktikum10.5.1\HW_Praktikum10.5.1.csproj", "{95CEB23F-7958-4532-9761-507B807DCC47}"
EndProject
Global
	GlobalSection(SolutionConfigurationPlatforms) = preSolution
		Debug|Any CPU = Debug|Any CPU
		Release|Any CPU = Release|Any CPU
	EndGlobalSection
	GlobalSection(ProjectConfigurationPlatforms) = postSolution
		{95CEB23F-7958-4532-9761-507B807DCC47}.Debug|Any CPU.ActiveCfg = Debug|Any CPU
		{95CEB23F-7958-4532-9761-507B807DCC47}.Debug|Any CPU.Build.0 = Debug|Any CPU
		{95CEB23F-7958-4532-9761-507B807DCC47}.Release|Any CPU.ActiveCfg = Release|Any CPU
		{95CEB23F-7958-4532-9761-507B807DCC47}.Release|Any CPU.Build.0 = Release|Any CPU
	EndGlobalSection
	GlobalSection(SolutionProperties) = preSolution
		HideSolutionNode = FALSE
	EndGlobalSection
	GlobalSection(ExtensibilityGlobals) = postSolution
		SolutionGuid = {96E776D5-4E3C-4E48-83CF-C2B5799E2DC1}
	EndGlobalSection
EndGlobal
